
Microsoft Visual Studio Solution File, Format Version 12.00
# Visual Studio Version 16
VisualStudioVersion = 16.0.30717.126
MinimumVisualStudioVersion = 10.0.40219.1
Project("{FAE04EC0-301F-11D3-BF4B-00C04F79EFBC}") = "algorythms_lab_4", "algorythms_lab_4\algorythms_lab_4.csproj", "{F4F82759-EB82-46B9-AEEC-73C4F661611C}"
EndProject
Global
	GlobalSection(SolutionConfigurationPlatforms) = preSolution
		Debug|Any CPU = Debug|Any CPU
		Release|Any CPU = Release|Any CPU
	EndGlobalSection
	GlobalSection(ProjectConfigurationPlatforms) = postSolution
		{F4F82759-EB82-46B9-AEEC-73C4F661611C}.Debug|Any CPU.ActiveCfg = Debug|Any CPU
		{F4F82759-EB82-46B9-AEEC-73C4F661611C}.Debug|Any CPU.Build.0 = Debug|Any CPU
		{F4F82759-EB82-46B9-AEEC-73C4F661611C}.Release|Any CPU.ActiveCfg = Release|Any CPU
		{F4F82759-EB82-46B9-AEEC-73C4F661611C}.Release|Any CPU.Build.0 = Release|Any CPU
	EndGlobalSection
	GlobalSection(SolutionProperties) = preSolution
		HideSolutionNode = FALSE
	EndGlobalSection
	GlobalSection(ExtensibilityGlobals) = postSolution
		SolutionGuid = {45C18CF4-D3CF-4AC2-ACD8-3FBD191AEC39}
	EndGlobalSection
EndGlobal
